// !$*UTF8*$!
{
	archiveVersion = 1;
	classes = {
	};
	objectVersion = 50;
	objects = {

/* Begin PBXBuildFile section */
		1AB3902223BA183A00BAFEB9 /* AppDelegate.swift in Sources */ = {isa = PBXBuildFile; fileRef = 1AB3902123BA183A00BAFEB9 /* AppDelegate.swift */; };
		1AB3902423BA183A00BAFEB9 /* SceneDelegate.swift in Sources */ = {isa = PBXBuildFile; fileRef = 1AB3902323BA183A00BAFEB9 /* SceneDelegate.swift */; };
		1AB3902623BA183A00BAFEB9 /* ContentView.swift in Sources */ = {isa = PBXBuildFile; fileRef = 1AB3902523BA183A00BAFEB9 /* ContentView.swift */; };
		1AB3902823BA183C00BAFEB9 /* Assets.xcassets in Resources */ = {isa = PBXBuildFile; fileRef = 1AB3902723BA183C00BAFEB9 /* Assets.xcassets */; };
		1AB3902B23BA183C00BAFEB9 /* Preview Assets.xcassets in Resources */ = {isa = PBXBuildFile; fileRef = 1AB3902A23BA183C00BAFEB9 /* Preview Assets.xcassets */; };
		1AB3902E23BA183C00BAFEB9 /* LaunchScreen.storyboard in Resources */ = {isa = PBXBuildFile; fileRef = 1AB3902C23BA183C00BAFEB9 /* LaunchScreen.storyboard */; };
		1AB3903923BA183C00BAFEB9 /* LWWElementSetTests.swift in Sources */ = {isa = PBXBuildFile; fileRef = 1AB3903823BA183C00BAFEB9 /* LWWElementSetTests.swift */; };
		1AB3904423BA184900BAFEB9 /* LWWElementSet.swift in Sources */ = {isa = PBXBuildFile; fileRef = 1AB3904323BA184900BAFEB9 /* LWWElementSet.swift */; };
/* End PBXBuildFile section */

/* Begin PBXContainerItemProxy section */
		1AB3903523BA183C00BAFEB9 /* PBXContainerItemProxy */ = {
			isa = PBXContainerItemProxy;
			containerPortal = 1AB3901623BA183A00BAFEB9 /* Project object */;
			proxyType = 1;
			remoteGlobalIDString = 1AB3901D23BA183A00BAFEB9;
			remoteInfo = LWWElementSet;
		};
/* End PBXContainerItemProxy section */

/* Begin PBXFileReference section */
		1AB3901E23BA183A00BAFEB9 /* LWWElementSet.app */ = {isa = PBXFileReference; explicitFileType = wrapper.application; includeInIndex = 0; path = LWWElementSet.app; sourceTree = BUILT_PRODUCTS_DIR; };
		1AB3902123BA183A00BAFEB9 /* AppDelegate.swift */ = {isa = PBXFileReference; lastKnownFileType = sourcecode.swift; path = AppDelegate.swift; sourceTree = "<group>"; };
		1AB3902323BA183A00BAFEB9 /* SceneDelegate.swift */ = {isa = PBXFileReference; lastKnownFileType = sourcecode.swift; path = SceneDelegate.swift; sourceTree = "<group>"; };
		1AB3902523BA183A00BAFEB9 /* ContentView.swift */ = {isa = PBXFileReference; lastKnownFileType = sourcecode.swift; path = ContentView.swift; sourceTree = "<group>"; };
		1AB3902723BA183C00BAFEB9 /* Assets.xcassets */ = {isa = PBXFileReference; lastKnownFileType = folder.assetcatalog; path = Assets.xcassets; sourceTree = "<group>"; };
		1AB3902A23BA183C00BAFEB9 /* Preview Assets.xcassets */ = {isa = PBXFileReference; lastKnownFileType = folder.assetcatalog; path = "Preview Assets.xcassets"; sourceTree = "<group>"; };
		1AB3902D23BA183C00BAFEB9 /* Base */ = {isa = PBXFileReference; lastKnownFileType = file.storyboard; name = Base; path = Base.lproj/LaunchScreen.storyboard; sourceTree = "<group>"; };
		1AB3902F23BA183C00BAFEB9 /* Info.plist */ = {isa = PBXFileReference; lastKnownFileType = text.plist.xml; path = Info.plist; sourceTree = "<group>"; };
		1AB3903423BA183C00BAFEB9 /* LWWElementSetTests.xctest */ = {isa = PBXFileReference; explicitFileType = wrapper.cfbundle; includeInIndex = 0; path = LWWElementSetTests.xctest; sourceTree = BUILT_PRODUCTS_DIR; };
		1AB3903823BA183C00BAFEB9 /* LWWElementSetTests.swift */ = {isa = PBXFileReference; lastKnownFileType = sourcecode.swift; path = LWWElementSetTests.swift; sourceTree = "<group>"; };
		1AB3903A23BA183C00BAFEB9 /* Info.plist */ = {isa = PBXFileReference; lastKnownFileType = text.plist.xml; path = Info.plist; sourceTree = "<group>"; };
		1AB3904323BA184900BAFEB9 /* LWWElementSet.swift */ = {isa = PBXFileReference; lastKnownFileType = sourcecode.swift; path = LWWElementSet.swift; sourceTree = "<group>"; };
/* End PBXFileReference section */

/* Begin PBXFrameworksBuildPhase section */
		1AB3901B23BA183A00BAFEB9 /* Frameworks */ = {
			isa = PBXFrameworksBuildPhase;
			buildActionMask = 2147483647;
			files = (
			);
			runOnlyForDeploymentPostprocessing = 0;
		};
		1AB3903123BA183C00BAFEB9 /* Frameworks */ = {
			isa = PBXFrameworksBuildPhase;
			buildActionMask = 2147483647;
			files = (
			);
			runOnlyForDeploymentPostprocessing = 0;
		};
/* End PBXFrameworksBuildPhase section */

/* Begin PBXGroup section */
		1AB3901523BA183A00BAFEB9 = {
			isa = PBXGroup;
			children = (
				1AB3902023BA183A00BAFEB9 /* LWWElementSet */,
				1AB3903723BA183C00BAFEB9 /* LWWElementSetTests */,
				1AB3901F23BA183A00BAFEB9 /* Products */,
			);
			sourceTree = "<group>";
		};
		1AB3901F23BA183A00BAFEB9 /* Products */ = {
			isa = PBXGroup;
			children = (
				1AB3901E23BA183A00BAFEB9 /* LWWElementSet.app */,
				1AB3903423BA183C00BAFEB9 /* LWWElementSetTests.xctest */,
			);
			name = Products;
			sourceTree = "<group>";
		};
		1AB3902023BA183A00BAFEB9 /* LWWElementSet */ = {
			isa = PBXGroup;
			children = (
				1AB3904523BA186900BAFEB9 /* SupportFiles */,
				1AB3904323BA184900BAFEB9 /* LWWElementSet.swift */,
			);
			path = LWWElementSet;
			sourceTree = "<group>";
		};
		1AB3902923BA183C00BAFEB9 /* Preview Content */ = {
			isa = PBXGroup;
			children = (
				1AB3902A23BA183C00BAFEB9 /* Preview Assets.xcassets */,
			);
			path = "Preview Content";
			sourceTree = "<group>";
		};
		1AB3903723BA183C00BAFEB9 /* LWWElementSetTests */ = {
			isa = PBXGroup;
			children = (
				1AB3903823BA183C00BAFEB9 /* LWWElementSetTests.swift */,
				1AB3903A23BA183C00BAFEB9 /* Info.plist */,
			);
			path = LWWElementSetTests;
			sourceTree = "<group>";
		};
		1AB3904523BA186900BAFEB9 /* SupportFiles */ = {
			isa = PBXGroup;
			children = (
				1AB3902123BA183A00BAFEB9 /* AppDelegate.swift */,
				1AB3902323BA183A00BAFEB9 /* SceneDelegate.swift */,
				1AB3902523BA183A00BAFEB9 /* ContentView.swift */,
				1AB3902723BA183C00BAFEB9 /* Assets.xcassets */,
				1AB3902C23BA183C00BAFEB9 /* LaunchScreen.storyboard */,
				1AB3902F23BA183C00BAFEB9 /* Info.plist */,
				1AB3902923BA183C00BAFEB9 /* Preview Content */,
			);
			path = SupportFiles;
			sourceTree = "<group>";
		};
/* End PBXGroup section */

/* Begin PBXNativeTarget section */
		1AB3901D23BA183A00BAFEB9 /* LWWElementSet */ = {
			isa = PBXNativeTarget;
			buildConfigurationList = 1AB3903D23BA183C00BAFEB9 /* Build configuration list for PBXNativeTarget "LWWElementSet" */;
			buildPhases = (
				1AB3901A23BA183A00BAFEB9 /* Sources */,
				1AB3901B23BA183A00BAFEB9 /* Frameworks */,
				1AB3901C23BA183A00BAFEB9 /* Resources */,
			);
			buildRules = (
			);
			dependencies = (
			);
			name = LWWElementSet;
			productName = LWWElementSet;
			productReference = 1AB3901E23BA183A00BAFEB9 /* LWWElementSet.app */;
			productType = "com.apple.product-type.application";
		};
		1AB3903323BA183C00BAFEB9 /* LWWElementSetTests */ = {
			isa = PBXNativeTarget;
			buildConfigurationList = 1AB3904023BA183C00BAFEB9 /* Build configuration list for PBXNativeTarget "LWWElementSetTests" */;
			buildPhases = (
				1AB3903023BA183C00BAFEB9 /* Sources */,
				1AB3903123BA183C00BAFEB9 /* Frameworks */,
				1AB3903223BA183C00BAFEB9 /* Resources */,
			);
			buildRules = (
			);
			dependencies = (
				1AB3903623BA183C00BAFEB9 /* PBXTargetDependency */,
			);
			name = LWWElementSetTests;
			productName = LWWElementSetTests;
			productReference = 1AB3903423BA183C00BAFEB9 /* LWWElementSetTests.xctest */;
			productType = "com.apple.product-type.bundle.unit-test";
		};
/* End PBXNativeTarget section */

/* Begin PBXProject section */
		1AB3901623BA183A00BAFEB9 /* Project object */ = {
			isa = PBXProject;
			attributes = {
				LastSwiftUpdateCheck = 1130;
				LastUpgradeCheck = 1130;
				ORGANIZATIONNAME = "Norman Lim";
				TargetAttributes = {
					1AB3901D23BA183A00BAFEB9 = {
						CreatedOnToolsVersion = 11.3;
					};
					1AB3903323BA183C00BAFEB9 = {
						CreatedOnToolsVersion = 11.3;
						TestTargetID = 1AB3901D23BA183A00BAFEB9;
					};
				};
			};
			buildConfigurationList = 1AB3901923BA183A00BAFEB9 /* Build configuration list for PBXProject "LWWElementSet" */;
			compatibilityVersion = "Xcode 9.3";
			developmentRegion = en;
			hasScannedForEncodings = 0;
			knownRegions = (
				en,
				Base,
			);
			mainGroup = 1AB3901523BA183A00BAFEB9;
			productRefGroup = 1AB3901F23BA183A00BAFEB9 /* Products */;
			projectDirPath = "";
			projectRoot = "";
			targets = (
				1AB3901D23BA183A00BAFEB9 /* LWWElementSet */,
				1AB3903323BA183C00BAFEB9 /* LWWElementSetTests */,
			);
		};
/* End PBXProject section */

/* Begin PBXResourcesBuildPhase section */
		1AB3901C23BA183A00BAFEB9 /* Resources */ = {
			isa = PBXResourcesBuildPhase;
			buildActionMask = 2147483647;
			files = (
				1AB3902E23BA183C00BAFEB9 /* LaunchScreen.storyboard in Resources */,
				1AB3902B23BA183C00BAFEB9 /* Preview Assets.xcassets in Resources */,
				1AB3902823BA183C00BAFEB9 /* Assets.xcassets in Resources */,
			);
			runOnlyForDeploymentPostprocessing = 0;
		};
		1AB3903223BA183C00BAFEB9 /* Resources */ = {
			isa = PBXResourcesBuildPhase;
			buildActionMask = 2147483647;
			files = (
			);
			runOnlyForDeploymentPostprocessing = 0;
		};
/* End PBXResourcesBuildPhase section */

/* Begin PBXSourcesBuildPhase section */
		1AB3901A23BA183A00BAFEB9 /* Sources */ = {
			isa = PBXSourcesBuildPhase;
			buildActionMask = 2147483647;
			files = (
				1AB3902223BA183A00BAFEB9 /* AppDelegate.swift in Sources */,
				1AB3902423BA183A00BAFEB9 /* SceneDelegate.swift in Sources */,
				1AB3904423BA184900BAFEB9 /* LWWElementSet.swift in Sources */,
				1AB3902623BA183A00BAFEB9 /* ContentView.swift in Sources */,
			);
			runOnlyForDeploymentPostprocessing = 0;
		};
		1AB3903023BA183C00BAFEB9 /* Sources */ = {
			isa = PBXSourcesBuildPhase;
			buildActionMask = 2147483647;
			files = (
				1AB3903923BA183C00BAFEB9 /* LWWElementSetTests.swift in Sources */,
			);
			runOnlyForDeploymentPostprocessing = 0;
		};
/* End PBXSourcesBuildPhase section */

/* Begin PBXTargetDependency section */
		1AB3903623BA183C00BAFEB9 /* PBXTargetDependency */ = {
			isa = PBXTargetDependency;
			target = 1AB3901D23BA183A00BAFEB9 /* LWWElementSet */;
			targetProxy = 1AB3903523BA183C00BAFEB9 /* PBXContainerItemProxy */;
		};
/* End PBXTargetDependency section */

/* Begin PBXVariantGroup section */
		1AB3902C23BA183C00BAFEB9 /* LaunchScreen.storyboard */ = {
			isa = PBXVariantGroup;
			children = (
				1AB3902D23BA183C00BAFEB9 /* Base */,
			);
			name = LaunchScreen.storyboard;
			sourceTree = "<group>";
		};
/* End PBXVariantGroup section */

/* Begin XCBuildConfiguration section */
		1AB3903B23BA183C00BAFEB9 /* Debug */ = {
			isa = XCBuildConfiguration;
			buildSettings = {
				ALWAYS_SEARCH_USER_PATHS = NO;
				CLANG_ANALYZER_NONNULL = YES;
				CLANG_ANALYZER_NUMBER_OBJECT_CONVERSION = YES_AGGRESSIVE;
				CLANG_CXX_LANGUAGE_STANDARD = "gnu++14";
				CLANG_CXX_LIBRARY = "libc++";
				CLANG_ENABLE_MODULES = YES;
				CLANG_ENABLE_OBJC_ARC = YES;
				CLANG_ENABLE_OBJC_WEAK = YES;
				CLANG_WARN_BLOCK_CAPTURE_AUTORELEASING = YES;
				CLANG_WARN_BOOL_CONVERSION = YES;
				CLANG_WARN_COMMA = YES;
				CLANG_WARN_CONSTANT_CONVERSION = YES;
				CLANG_WARN_DEPRECATED_OBJC_IMPLEMENTATIONS = YES;
				CLANG_WARN_DIRECT_OBJC_ISA_USAGE = YES_ERROR;
				CLANG_WARN_DOCUMENTATION_COMMENTS = YES;
				CLANG_WARN_EMPTY_BODY = YES;
				CLANG_WARN_ENUM_CONVERSION = YES;
				CLANG_WARN_INFINITE_RECURSION = YES;
				CLANG_WARN_INT_CONVERSION = YES;
				CLANG_WARN_NON_LITERAL_NULL_CONVERSION = YES;
				CLANG_WARN_OBJC_IMPLICIT_RETAIN_SELF = YES;
				CLANG_WARN_OBJC_LITERAL_CONVERSION = YES;
				CLANG_WARN_OBJC_ROOT_CLASS = YES_ERROR;
				CLANG_WARN_RANGE_LOOP_ANALYSIS = YES;
				CLANG_WARN_STRICT_PROTOTYPES = YES;
				CLANG_WARN_SUSPICIOUS_MOVE = YES;
				CLANG_WARN_UNGUARDED_AVAILABILITY = YES_AGGRESSIVE;
				CLANG_WARN_UNREACHABLE_CODE = YES;
				CLANG_WARN__DUPLICATE_METHOD_MATCH = YES;
				COPY_PHASE_STRIP = NO;
				DEBUG_INFORMATION_FORMAT = dwarf;
				ENABLE_STRICT_OBJC_MSGSEND = YES;
				ENABLE_TESTABILITY = YES;
				GCC_C_LANGUAGE_STANDARD = gnu11;
				GCC_DYNAMIC_NO_PIC = NO;
				GCC_NO_COMMON_BLOCKS = YES;
				GCC_OPTIMIZATION_LEVEL = 0;
				GCC_PREPROCESSOR_DEFINITIONS = (
					"DEBUG=1",
					"$(inherited)",
				);
				GCC_WARN_64_TO_32_BIT_CONVERSION = YES;
				GCC_WARN_ABOUT_RETURN_TYPE = YES_ERROR;
				GCC_WARN_UNDECLARED_SELECTOR = YES;
				GCC_WARN_UNINITIALIZED_AUTOS = YES_AGGRESSIVE;
				GCC_WARN_UNUSED_FUNCTION = YES;
				GCC_WARN_UNUSED_VARIABLE = YES;
				IPHONEOS_DEPLOYMENT_TARGET = 13.2;
				MTL_ENABLE_DEBUG_INFO = INCLUDE_SOURCE;
				MTL_FAST_MATH = YES;
				ONLY_ACTIVE_ARCH = YES;
				SDKROOT = iphoneos;
				SWIFT_ACTIVE_COMPILATION_CONDITIONS = DEBUG;
				SWIFT_OPTIMIZATION_LEVEL = "-Onone";
			};
			name = Debug;
		};
		1AB3903C23BA183C00BAFEB9 /* Release */ = {
			isa = XCBuildConfiguration;
			buildSettings = {
				ALWAYS_SEARCH_USER_PATHS = NO;
				CLANG_ANALYZER_NONNULL = YES;
				CLANG_ANALYZER_NUMBER_OBJECT_CONVERSION = YES_AGGRESSIVE;
				CLANG_CXX_LANGUAGE_STANDARD = "gnu++14";
				CLANG_CXX_LIBRARY = "libc++";
				CLANG_ENABLE_MODULES = YES;
				CLANG_ENABLE_OBJC_ARC = YES;
				CLANG_ENABLE_OBJC_WEAK = YES;
				CLANG_WARN_BLOCK_CAPTURE_AUTORELEASING = YES;
				CLANG_WARN_BOOL_CONVERSION = YES;
				CLANG_WARN_COMMA = YES;
				CLANG_WARN_CONSTANT_CONVERSION = YES;
				CLANG_WARN_DEPRECATED_OBJC_IMPLEMENTATIONS = YES;
				CLANG_WARN_DIRECT_OBJC_ISA_USAGE = YES_ERROR;
				CLANG_WARN_DOCUMENTATION_COMMENTS = YES;
				CLANG_WARN_EMPTY_BODY = YES;
				CLANG_WARN_ENUM_CONVERSION = YES;
				CLANG_WARN_INFINITE_RECURSION = YES;
				CLANG_WARN_INT_CONVERSION = YES;
				CLANG_WARN_NON_LITERAL_NULL_CONVERSION = YES;
				CLANG_WARN_OBJC_IMPLICIT_RETAIN_SELF = YES;
				CLANG_WARN_OBJC_LITERAL_CONVERSION = YES;
				CLANG_WARN_OBJC_ROOT_CLASS = YES_ERROR;
				CLANG_WARN_RANGE_LOOP_ANALYSIS = YES;
				CLANG_WARN_STRICT_PROTOTYPES = YES;
				CLANG_WARN_SUSPICIOUS_MOVE = YES;
				CLANG_WARN_UNGUARDED_AVAILABILITY = YES_AGGRESSIVE;
				CLANG_WARN_UNREACHABLE_CODE = YES;
				CLANG_WARN__DUPLICATE_METHOD_MATCH = YES;
				COPY_PHASE_STRIP = NO;
				DEBUG_INFORMATION_FORMAT = "dwarf-with-dsym";
				ENABLE_NS_ASSERTIONS = NO;
				ENABLE_STRICT_OBJC_MSGSEND = YES;
				GCC_C_LANGUAGE_STANDARD = gnu11;
				GCC_NO_COMMON_BLOCKS = YES;
				GCC_WARN_64_TO_32_BIT_CONVERSION = YES;
				GCC_WARN_ABOUT_RETURN_TYPE = YES_ERROR;
				GCC_WARN_UNDECLARED_SELECTOR = YES;
				GCC_WARN_UNINITIALIZED_AUTOS = YES_AGGRESSIVE;
				GCC_WARN_UNUSED_FUNCTION = YES;
				GCC_WARN_UNUSED_VARIABLE = YES;
				IPHONEOS_DEPLOYMENT_TARGET = 13.2;
				MTL_ENABLE_DEBUG_INFO = NO;
				MTL_FAST_MATH = YES;
				SDKROOT = iphoneos;
				SWIFT_COMPILATION_MODE = wholemodule;
				SWIFT_OPTIMIZATION_LEVEL = "-O";
				VALIDATE_PRODUCT = YES;
			};
			name = Release;
		};
		1AB3903E23BA183C00BAFEB9 /* Debug */ = {
			isa = XCBuildConfiguration;
			buildSettings = {
				ASSETCATALOG_COMPILER_APPICON_NAME = AppIcon;
				CODE_SIGN_STYLE = Automatic;
				DEVELOPMENT_ASSET_PATHS = "\"LWWElementSet/SupportFiles/Preview Content\"";
				DEVELOPMENT_TEAM = MLXY323LE7;
				ENABLE_PREVIEWS = YES;
				INFOPLIST_FILE = LWWElementSet/SupportFiles/Info.plist;
				LD_RUNPATH_SEARCH_PATHS = (
					"$(inherited)",
					"@executable_path/Frameworks",
				);
				PRODUCT_BUNDLE_IDENTIFIER = com.normanlim.LWWElementSet;
				PRODUCT_NAME = "$(TARGET_NAME)";
				SWIFT_VERSION = 5.0;
				TARGETED_DEVICE_FAMILY = "1,2";
			};
			name = Debug;
		};
		1AB3903F23BA183C00BAFEB9 /* Release */ = {
			isa = XCBuildConfiguration;
			buildSettings = {
				ASSETCATALOG_COMPILER_APPICON_NAME = AppIcon;
				CODE_SIGN_STYLE = Automatic;
				DEVELOPMENT_ASSET_PATHS = "\"LWWElementSet/SupportFiles/Preview Content\"";
				DEVELOPMENT_TEAM = MLXY323LE7;
				ENABLE_PREVIEWS = YES;
				INFOPLIST_FILE = LWWElementSet/SupportFiles/Info.plist;
				LD_RUNPATH_SEARCH_PATHS = (
					"$(inherited)",
					"@executable_path/Frameworks",
				);
				PRODUCT_BUNDLE_IDENTIFIER = com.normanlim.LWWElementSet;
				PRODUCT_NAME = "$(TARGET_NAME)";
				SWIFT_VERSION = 5.0;
				TARGETED_DEVICE_FAMILY = "1,2";
			};
			name = Release;
		};
		1AB3904123BA183C00BAFEB9 /* Debug */ = {
			isa = XCBuildConfiguration;
			buildSettings = {
				ALWAYS_EMBED_SWIFT_STANDARD_LIBRARIES = YES;
				BUNDLE_LOADER = "$(TEST_HOST)";
				CODE_SIGN_STYLE = Automatic;
				DEVELOPMENT_TEAM = MLXY323LE7;
				INFOPLIST_FILE = LWWElementSetTests/Info.plist;
				IPHONEOS_DEPLOYMENT_TARGET = 13.2;
				LD_RUNPATH_SEARCH_PATHS = (
					"$(inherited)",
					"@executable_path/Frameworks",
					"@loader_path/Frameworks",
				);
				PRODUCT_BUNDLE_IDENTIFIER = com.normanlim.LWWElementSetTests;
				PRODUCT_NAME = "$(TARGET_NAME)";
				SWIFT_VERSION = 5.0;
				TARGETED_DEVICE_FAMILY = "1,2";
				TEST_HOST = "$(BUILT_PRODUCTS_DIR)/LWWElementSet.app/LWWElementSet";
			};
			name = Debug;
		};
		1AB3904223BA183C00BAFEB9 /* Release */ = {
			isa = XCBuildConfiguration;
			buildSettings = {
				ALWAYS_EMBED_SWIFT_STANDARD_LIBRARIES = YES;
				BUNDLE_LOADER = "$(TEST_HOST)";
				CODE_SIGN_STYLE = Automatic;
				DEVELOPMENT_TEAM = MLXY323LE7;
				INFOPLIST_FILE = LWWElementSetTests/Info.plist;
				IPHONEOS_DEPLOYMENT_TARGET = 13.2;
				LD_RUNPATH_SEARCH_PATHS = (
					"$(inherited)",
					"@executable_path/Frameworks",
					"@loader_path/Frameworks",
				);
				PRODUCT_BUNDLE_IDENTIFIER = com.normanlim.LWWElementSetTests;
				PRODUCT_NAME = "$(TARGET_NAME)";
				SWIFT_VERSION = 5.0;
				TARGETED_DEVICE_FAMILY = "1,2";
				TEST_HOST = "$(BUILT_PRODUCTS_DIR)/LWWElementSet.app/LWWElementSet";
			};
			name = Release;
		};
/* End XCBuildConfiguration section */

/* Begin XCConfigurationList section */
		1AB3901923BA183A00BAFEB9 /* Build configuration list for PBXProject "LWWElementSet" */ = {
			isa = XCConfigurationList;
			buildConfigurations = (
				1AB3903B23BA183C00BAFEB9 /* Debug */,
				1AB3903C23BA183C00BAFEB9 /* Release */,
			);
			defaultConfigurationIsVisible = 0;
			defaultConfigurationName = Release;
		};
		1AB3903D23BA183C00BAFEB9 /* Build configuration list for PBXNativeTarget "LWWElementSet" */ = {
			isa = XCConfigurationList;
			buildConfigurations = (
				1AB3903E23BA183C00BAFEB9 /* Debug */,
				1AB3903F23BA183C00BAFEB9 /* Release */,
			);
			defaultConfigurationIsVisible = 0;
			defaultConfigurationName = Release;
		};
		1AB3904023BA183C00BAFEB9 /* Build configuration list for PBXNativeTarget "LWWElementSetTests" */ = {
			isa = XCConfigurationList;
			buildConfigurations = (
				1AB3904123BA183C00BAFEB9 /* Debug */,
				1AB3904223BA183C00BAFEB9 /* Release */,
			);
			defaultConfigurationIsVisible = 0;
			defaultConfigurationName = Release;
		};
/* End XCConfigurationList section */
	};
	rootObject = 1AB3901623BA183A00BAFEB9 /* Project object */;
}
